
Microsoft Visual Studio Solution File, Format Version 12.00
# Visual Studio Version 17
VisualStudioVersion = 17.0.31903.59
MinimumVisualStudioVersion = 10.0.40219.1
Project("{2150E333-8FDC-42A3-9474-1A3956D46DE8}") = "src", "src", "{B29DCACA-3208-4817-8886-A47B4CFD6BF3}"
EndProject
Project("{FAE04EC0-301F-11D3-BF4B-00C04F79EFBC}") = "BuberDinner.Api", "src\BuberDinner.Api\BuberDinner.Api.csproj", "{416168BD-F4FE-4553-9754-79A0CECC9738}"
EndProject
Project("{FAE04EC0-301F-11D3-BF4B-00C04F79EFBC}") = "BuberDinner.Application", "src\BuberDinner.Application\BuberDinner.Application.csproj", "{DC7D1948-59D9-4614-83F3-5650E2BDE4BB}"
EndProject
Project("{FAE04EC0-301F-11D3-BF4B-00C04F79EFBC}") = "BuberDinner.Contracts", "src\BuberDinner.Contracts\BuberDinner.Contracts.csproj", "{73AA1828-9C69-4455-A7E7-13D78D605BDE}"
EndProject
Project("{FAE04EC0-301F-11D3-BF4B-00C04F79EFBC}") = "BuberDinner.Domain", "src\BuberDinner.Domain\BuberDinner.Domain.csproj", "{C27047D0-EA5B-427B-9D5B-9F059A1EA459}"
EndProject
Project("{FAE04EC0-301F-11D3-BF4B-00C04F79EFBC}") = "BuberDinner.Infrastructure", "src\BuberDinner.Infrastructure\BuberDinner.Infrastructure.csproj", "{C703363E-4727-44C7-B641-BF6D21BD1D84}"
EndProject
Global
	GlobalSection(SolutionConfigurationPlatforms) = preSolution
		Debug|Any CPU = Debug|Any CPU
		Release|Any CPU = Release|Any CPU
	EndGlobalSection
	GlobalSection(SolutionProperties) = preSolution
		HideSolutionNode = FALSE
	EndGlobalSection
	GlobalSection(ProjectConfigurationPlatforms) = postSolution
		{416168BD-F4FE-4553-9754-79A0CECC9738}.Debug|Any CPU.ActiveCfg = Debug|Any CPU
		{416168BD-F4FE-4553-9754-79A0CECC9738}.Debug|Any CPU.Build.0 = Debug|Any CPU
		{416168BD-F4FE-4553-9754-79A0CECC9738}.Release|Any CPU.ActiveCfg = Release|Any CPU
		{416168BD-F4FE-4553-9754-79A0CECC9738}.Release|Any CPU.Build.0 = Release|Any CPU
		{DC7D1948-59D9-4614-83F3-5650E2BDE4BB}.Debug|Any CPU.ActiveCfg = Debug|Any CPU
		{DC7D1948-59D9-4614-83F3-5650E2BDE4BB}.Debug|Any CPU.Build.0 = Debug|Any CPU
		{DC7D1948-59D9-4614-83F3-5650E2BDE4BB}.Release|Any CPU.ActiveCfg = Release|Any CPU
		{DC7D1948-59D9-4614-83F3-5650E2BDE4BB}.Release|Any CPU.Build.0 = Release|Any CPU
		{73AA1828-9C69-4455-A7E7-13D78D605BDE}.Debug|Any CPU.ActiveCfg = Debug|Any CPU
		{73AA1828-9C69-4455-A7E7-13D78D605BDE}.Debug|Any CPU.Build.0 = Debug|Any CPU
		{73AA1828-9C69-4455-A7E7-13D78D605BDE}.Release|Any CPU.ActiveCfg = Release|Any CPU
		{73AA1828-9C69-4455-A7E7-13D78D605BDE}.Release|Any CPU.Build.0 = Release|Any CPU
		{C27047D0-EA5B-427B-9D5B-9F059A1EA459}.Debug|Any CPU.ActiveCfg = Debug|Any CPU
		{C27047D0-EA5B-427B-9D5B-9F059A1EA459}.Debug|Any CPU.Build.0 = Debug|Any CPU
		{C27047D0-EA5B-427B-9D5B-9F059A1EA459}.Release|Any CPU.ActiveCfg = Release|Any CPU
		{C27047D0-EA5B-427B-9D5B-9F059A1EA459}.Release|Any CPU.Build.0 = Release|Any CPU
		{C703363E-4727-44C7-B641-BF6D21BD1D84}.Debug|Any CPU.ActiveCfg = Debug|Any CPU
		{C703363E-4727-44C7-B641-BF6D21BD1D84}.Debug|Any CPU.Build.0 = Debug|Any CPU
		{C703363E-4727-44C7-B641-BF6D21BD1D84}.Release|Any CPU.ActiveCfg = Release|Any CPU
		{C703363E-4727-44C7-B641-BF6D21BD1D84}.Release|Any CPU.Build.0 = Release|Any CPU
	EndGlobalSection
	GlobalSection(NestedProjects) = preSolution
		{416168BD-F4FE-4553-9754-79A0CECC9738} = {B29DCACA-3208-4817-8886-A47B4CFD6BF3}
		{DC7D1948-59D9-4614-83F3-5650E2BDE4BB} = {B29DCACA-3208-4817-8886-A47B4CFD6BF3}
		{73AA1828-9C69-4455-A7E7-13D78D605BDE} = {B29DCACA-3208-4817-8886-A47B4CFD6BF3}
		{C27047D0-EA5B-427B-9D5B-9F059A1EA459} = {B29DCACA-3208-4817-8886-A47B4CFD6BF3}
		{C703363E-4727-44C7-B641-BF6D21BD1D84} = {B29DCACA-3208-4817-8886-A47B4CFD6BF3}
	EndGlobalSection
EndGlobal
