
Microsoft Visual Studio Solution File, Format Version 12.00
# Visual Studio Version 17
VisualStudioVersion = 17.0.31903.59
MinimumVisualStudioVersion = 10.0.40219.1
Project("{9A19103F-16F7-4668-BE54-9A1E7A4F7556}") = "BuberDinner.Api", "BuberDinner.Api\BuberDinner.Api.csproj", "{CAC5056A-3EE0-4F2D-A1DB-ED7EB21B27CC}"
EndProject
Project("{9A19103F-16F7-4668-BE54-9A1E7A4F7556}") = "BuberDinner.Application", "BuberDinner.Application\BuberDinner.Application.csproj", "{EE801A3E-D115-4435-BE76-D0136DF25D91}"
EndProject
Project("{9A19103F-16F7-4668-BE54-9A1E7A4F7556}") = "BuberDinner.Contracts", "BuberDinner.Contracts\BuberDinner.Contracts.csproj", "{CD5F8735-E8B2-4A97-85EB-8DBA31DB7EE5}"
EndProject
Project("{9A19103F-16F7-4668-BE54-9A1E7A4F7556}") = "BuberDinner.Domain", "BuberDinner.Domain\BuberDinner.Domain.csproj", "{59C53FEF-133B-4A73-971B-AEB93E9D0339}"
EndProject
Project("{9A19103F-16F7-4668-BE54-9A1E7A4F7556}") = "BuberDinner.Infrastructure", "BuberDinner.Infrastructure\BuberDinner.Infrastructure.csproj", "{58D55349-BE42-45D1-A56E-1EB95D8AB3F3}"
EndProject
Project("{2150E333-8FDC-42A3-9474-1A3956D46DE8}") = "Requests", "Requests", "{EDB0EFA9-8EAB-45B1-A607-188F9352F3F0}"
	ProjectSection(SolutionItems) = preProject
		Requests\Auth.http = Requests\Auth.http
		Requests\Dinner.http = Requests\Dinner.http
	EndProjectSection
EndProject
Project("{2150E333-8FDC-42A3-9474-1A3956D46DE8}") = "Menu", "Menu", "{3470A779-40D2-47D9-8518-07936F596477}"
	ProjectSection(SolutionItems) = preProject
		Create-Menu.http = Create-Menu.http
	EndProjectSection
EndProject
Global
	GlobalSection(SolutionConfigurationPlatforms) = preSolution
		Debug|Any CPU = Debug|Any CPU
		Release|Any CPU = Release|Any CPU
	EndGlobalSection
	GlobalSection(ProjectConfigurationPlatforms) = postSolution
		{CAC5056A-3EE0-4F2D-A1DB-ED7EB21B27CC}.Debug|Any CPU.ActiveCfg = Debug|Any CPU
		{CAC5056A-3EE0-4F2D-A1DB-ED7EB21B27CC}.Debug|Any CPU.Build.0 = Debug|Any CPU
		{CAC5056A-3EE0-4F2D-A1DB-ED7EB21B27CC}.Release|Any CPU.ActiveCfg = Release|Any CPU
		{CAC5056A-3EE0-4F2D-A1DB-ED7EB21B27CC}.Release|Any CPU.Build.0 = Release|Any CPU
		{EE801A3E-D115-4435-BE76-D0136DF25D91}.Debug|Any CPU.ActiveCfg = Debug|Any CPU
		{EE801A3E-D115-4435-BE76-D0136DF25D91}.Debug|Any CPU.Build.0 = Debug|Any CPU
		{EE801A3E-D115-4435-BE76-D0136DF25D91}.Release|Any CPU.ActiveCfg = Release|Any CPU
		{EE801A3E-D115-4435-BE76-D0136DF25D91}.Release|Any CPU.Build.0 = Release|Any CPU
		{CD5F8735-E8B2-4A97-85EB-8DBA31DB7EE5}.Debug|Any CPU.ActiveCfg = Debug|Any CPU
		{CD5F8735-E8B2-4A97-85EB-8DBA31DB7EE5}.Debug|Any CPU.Build.0 = Debug|Any CPU
		{CD5F8735-E8B2-4A97-85EB-8DBA31DB7EE5}.Release|Any CPU.ActiveCfg = Release|Any CPU
		{CD5F8735-E8B2-4A97-85EB-8DBA31DB7EE5}.Release|Any CPU.Build.0 = Release|Any CPU
		{59C53FEF-133B-4A73-971B-AEB93E9D0339}.Debug|Any CPU.ActiveCfg = Debug|Any CPU
		{59C53FEF-133B-4A73-971B-AEB93E9D0339}.Debug|Any CPU.Build.0 = Debug|Any CPU
		{59C53FEF-133B-4A73-971B-AEB93E9D0339}.Release|Any CPU.ActiveCfg = Release|Any CPU
		{59C53FEF-133B-4A73-971B-AEB93E9D0339}.Release|Any CPU.Build.0 = Release|Any CPU
		{58D55349-BE42-45D1-A56E-1EB95D8AB3F3}.Debug|Any CPU.ActiveCfg = Debug|Any CPU
		{58D55349-BE42-45D1-A56E-1EB95D8AB3F3}.Debug|Any CPU.Build.0 = Debug|Any CPU
		{58D55349-BE42-45D1-A56E-1EB95D8AB3F3}.Release|Any CPU.ActiveCfg = Release|Any CPU
		{58D55349-BE42-45D1-A56E-1EB95D8AB3F3}.Release|Any CPU.Build.0 = Release|Any CPU
	EndGlobalSection
	GlobalSection(SolutionProperties) = preSolution
		HideSolutionNode = FALSE
	EndGlobalSection
	GlobalSection(NestedProjects) = preSolution
		{3470A779-40D2-47D9-8518-07936F596477} = {EDB0EFA9-8EAB-45B1-A607-188F9352F3F0}
	EndGlobalSection
	GlobalSection(ExtensibilityGlobals) = postSolution
		SolutionGuid = {92F37944-2283-4257-9191-033688739DEA}
	EndGlobalSection
EndGlobal
